
Microsoft Visual Studio Solution File, Format Version 12.00
# Visual Studio 2012
Project("{FAE04EC0-301F-11D3-BF4B-00C04F79EFBC}") = "Sandbox.WebApi.FileUpload.Web", "Sandbox.WebApi.FileUpload.Web\Sandbox.WebApi.FileUpload.Web.csproj", "{365F382A-0D2D-4DC2-A938-4A5B27B55D2A}"
EndProject
Global
	GlobalSection(SolutionConfigurationPlatforms) = preSolution
		Debug|Any CPU = Debug|Any CPU
		Release|Any CPU = Release|Any CPU
	EndGlobalSection
	GlobalSection(ProjectConfigurationPlatforms) = postSolution
		{365F382A-0D2D-4DC2-A938-4A5B27B55D2A}.Debug|Any CPU.ActiveCfg = Debug|Any CPU
		{365F382A-0D2D-4DC2-A938-4A5B27B55D2A}.Debug|Any CPU.Build.0 = Debug|Any CPU
		{365F382A-0D2D-4DC2-A938-4A5B27B55D2A}.Release|Any CPU.ActiveCfg = Release|Any CPU
		{365F382A-0D2D-4DC2-A938-4A5B27B55D2A}.Release|Any CPU.Build.0 = Release|Any CPU
	EndGlobalSection
	GlobalSection(SolutionProperties) = preSolution
		HideSolutionNode = FALSE
	EndGlobalSection
EndGlobal
